
Microsoft Visual Studio Solution File, Format Version 12.00
# Visual Studio Version 16
VisualStudioVersion = 16.0.29709.97
MinimumVisualStudioVersion = 10.0.40219.1
Project("{9A19103F-16F7-4668-BE54-9A1E7A4F7556}") = "ZenProject.Web", "ZenProject.Web\ZenProject.Web.csproj", "{BCD256A2-3898-48A4-90AD-C13A413497B7}"
EndProject
Project("{9A19103F-16F7-4668-BE54-9A1E7A4F7556}") = "ZenProject.API", "ZenProject.API\ZenProject.API.csproj", "{3CE24AB0-73AE-4885-9694-2328CF4B3E0D}"
EndProject
Project("{FAE04EC0-301F-11D3-BF4B-00C04F79EFBC}") = "ZenProject.Core", "ZenProject.Core\ZenProject.Core.csproj", "{52598DE3-CC52-4544-8F0B-94F0A8FD800C}"
EndProject
Global
	GlobalSection(SolutionConfigurationPlatforms) = preSolution
		Debug|Any CPU = Debug|Any CPU
		Release|Any CPU = Release|Any CPU
	EndGlobalSection
	GlobalSection(ProjectConfigurationPlatforms) = postSolution
		{BCD256A2-3898-48A4-90AD-C13A413497B7}.Debug|Any CPU.ActiveCfg = Debug|Any CPU
		{BCD256A2-3898-48A4-90AD-C13A413497B7}.Debug|Any CPU.Build.0 = Debug|Any CPU
		{BCD256A2-3898-48A4-90AD-C13A413497B7}.Release|Any CPU.ActiveCfg = Release|Any CPU
		{BCD256A2-3898-48A4-90AD-C13A413497B7}.Release|Any CPU.Build.0 = Release|Any CPU
		{3CE24AB0-73AE-4885-9694-2328CF4B3E0D}.Debug|Any CPU.ActiveCfg = Debug|Any CPU
		{3CE24AB0-73AE-4885-9694-2328CF4B3E0D}.Debug|Any CPU.Build.0 = Debug|Any CPU
		{3CE24AB0-73AE-4885-9694-2328CF4B3E0D}.Release|Any CPU.ActiveCfg = Release|Any CPU
		{3CE24AB0-73AE-4885-9694-2328CF4B3E0D}.Release|Any CPU.Build.0 = Release|Any CPU
		{52598DE3-CC52-4544-8F0B-94F0A8FD800C}.Debug|Any CPU.ActiveCfg = Debug|Any CPU
		{52598DE3-CC52-4544-8F0B-94F0A8FD800C}.Debug|Any CPU.Build.0 = Debug|Any CPU
		{52598DE3-CC52-4544-8F0B-94F0A8FD800C}.Release|Any CPU.ActiveCfg = Release|Any CPU
		{52598DE3-CC52-4544-8F0B-94F0A8FD800C}.Release|Any CPU.Build.0 = Release|Any CPU
	EndGlobalSection
	GlobalSection(SolutionProperties) = preSolution
		HideSolutionNode = FALSE
	EndGlobalSection
	GlobalSection(ExtensibilityGlobals) = postSolution
		SolutionGuid = {98971782-327C-48F7-845F-B4E9BC85A7DF}
	EndGlobalSection
EndGlobal
